<?xml version="1.0" encoding="utf-8"?>
<Project ToolsVersion="4.0" xmlns="http://schemas.microsoft.com/developer/msbuild/2003">
  <ItemGroup>
    <Filter Include="Game">
      <UniqueIdentifier>{f36aec4f-fb6d-4c5e-ad63-b4ec29307422}</UniqueIdentifier>
    </Filter>
    <Filter Include="Game\Scene">
      <UniqueIdentifier>{b67a4415-e46c-4b4f-b973-4c7452dab3c3}</UniqueIdentifier>
    </Filter>
    <Filter Include="Game\Object">
      <UniqueIdentifier>{290ad31e-91cf-4cd6-b3fe-027fa36fb487}</UniqueIdentifier>
    </Filter>
    <Filter Include="Game\Component">
      <UniqueIdentifier>{787af317-f60c-4c1f-8130-6e0279e570de}</UniqueIdentifier>
    </Filter>
    <Filter Include="Externals">
      <UniqueIdentifier>{dca3c85e-ef89-4b02-a25e-66b266dd535f}</UniqueIdentifier>
    </Filter>
    <Filter Include="Game\Particle">
      <UniqueIdentifier>{39f5bae8-408d-4888-baa0-79113bc71721}</UniqueIdentifier>
    </Filter>
  </ItemGroup>
  <ItemGroup>
    <ClCompile Include="main.cpp" />
    <ClCompile Include="GameBase.cpp" />
    <ClCompile Include="GameScene.cpp" />
    <ClCompile Include="Player.cpp">
      <Filter>Game\Object</Filter>
    </ClCompile>
    <ClCompile Include="Block.cpp">
      <Filter>Game\Object</Filter>
    </ClCompile>
    <ClCompile Include="BlockManager.cpp">
      <Filter>Game\Object</Filter>
    </ClCompile>
    <ClCompile Include="Bullet.cpp">
      <Filter>Game\Object</Filter>
    </ClCompile>
    <ClCompile Include="BulletManager.cpp">
      <Filter>Game\Object</Filter>
    </ClCompile>
    <ClCompile Include="Enemy.cpp">
      <Filter>Game\Object</Filter>
    </ClCompile>
    <ClCompile Include="EnemyManager.cpp">
      <Filter>Game\Object</Filter>
    </ClCompile>
    <ClCompile Include="EnemyManager.cpp" />
    <ClCompile Include="BlockParticles.cpp">
      <Filter>Game\Particle</Filter>
    </ClCompile>
    <ClCompile Include="BlockParticle.cpp">
      <Filter>Game\Particle</Filter>
    </ClCompile>
    <ClCompile Include="FollowCamera.cpp" />
  </ItemGroup>
  <ItemGroup>
    <ClInclude Include="GameBase.h" />
    <ClInclude Include="GameScene.h" />
    <ClInclude Include="Player.h">
      <Filter>Game\Object</Filter>
    </ClInclude>
    <ClInclude Include="CollisionAttribute.h">
      <Filter>Game\Object</Filter>
    </ClInclude>
    <ClInclude Include="Block.h">
      <Filter>Game\Object</Filter>
    </ClInclude>
    <ClInclude Include="BlockManager.h">
      <Filter>Game\Object</Filter>
    </ClInclude>
    <ClInclude Include="Bullet.h">
      <Filter>Game\Object</Filter>
    </ClInclude>
    <ClInclude Include="BulletManager.h">
      <Filter>Game\Object</Filter>
    </ClInclude>
    <ClInclude Include="Enemy.h">
      <Filter>Game\Object</Filter>
    </ClInclude>
    <ClInclude Include="EnemyManager.h">
      <Filter>Game\Object</Filter>
    </ClInclude>
    <ClInclude Include="GameProperty.h">
      <Filter>Game\Object</Filter>
    </ClInclude>
    <ClInclude Include="BlockParticles.h">
      <Filter>Game\Particle</Filter>
    </ClInclude>
    <ClInclude Include="BlockParticle.h">
      <Filter>Game\Particle</Filter>
    </ClInclude>
    <ClInclude Include="FollowCamera.h">
      <Filter>Game\Object</Filter>
    </ClInclude>
  </ItemGroup>
  <ItemGroup>
    <None Include="packages.config">
      <Filter>Externals</Filter>
    </None>
  </ItemGroup>
</Project>